
Microsoft Visual Studio Solution File, Format Version 12.00
# Visual Studio Version 17
VisualStudioVersion = 17.14.36127.28 d17.14
MinimumVisualStudioVersion = 10.0.40219.1
Project("{FAE04EC0-301F-11D3-BF4B-00C04F79EFBC}") = "Usuarios", "Usuarios\Usuarios.csproj", "{D7B2EC85-DC93-4CBE-9451-42FE7B0EAE9D}"
EndProject
Global
	GlobalSection(SolutionConfigurationPlatforms) = preSolution
		Debug|Any CPU = Debug|Any CPU
		Release|Any CPU = Release|Any CPU
	EndGlobalSection
	GlobalSection(ProjectConfigurationPlatforms) = postSolution
		{D7B2EC85-DC93-4CBE-9451-42FE7B0EAE9D}.Debug|Any CPU.ActiveCfg = Debug|Any CPU
		{D7B2EC85-DC93-4CBE-9451-42FE7B0EAE9D}.Debug|Any CPU.Build.0 = Debug|Any CPU
		{D7B2EC85-DC93-4CBE-9451-42FE7B0EAE9D}.Release|Any CPU.ActiveCfg = Release|Any CPU
		{D7B2EC85-DC93-4CBE-9451-42FE7B0EAE9D}.Release|Any CPU.Build.0 = Release|Any CPU
	EndGlobalSection
	GlobalSection(SolutionProperties) = preSolution
		HideSolutionNode = FALSE
	EndGlobalSection
	GlobalSection(ExtensibilityGlobals) = postSolution
		SolutionGuid = {7C905F5D-E297-43CA-9C28-C0DD2A4BE477}
	EndGlobalSection
EndGlobal
