
Microsoft Visual Studio Solution File, Format Version 12.00
# Visual Studio Version 18
VisualStudioVersion = 18.0.11018.127
MinimumVisualStudioVersion = 10.0.40219.1
Project("{FAE04EC0-301F-11D3-BF4B-00C04F79EFBC}") = "Pagamentos", "Pagamentos\Pagamentos.csproj", "{B5C704D2-3AD4-4990-9546-0DE85549558E}"
EndProject
Global
	GlobalSection(SolutionConfigurationPlatforms) = preSolution
		Debug|Any CPU = Debug|Any CPU
		Release|Any CPU = Release|Any CPU
	EndGlobalSection
	GlobalSection(ProjectConfigurationPlatforms) = postSolution
		{B5C704D2-3AD4-4990-9546-0DE85549558E}.Debug|Any CPU.ActiveCfg = Debug|Any CPU
		{B5C704D2-3AD4-4990-9546-0DE85549558E}.Debug|Any CPU.Build.0 = Debug|Any CPU
		{B5C704D2-3AD4-4990-9546-0DE85549558E}.Release|Any CPU.ActiveCfg = Release|Any CPU
		{B5C704D2-3AD4-4990-9546-0DE85549558E}.Release|Any CPU.Build.0 = Release|Any CPU
	EndGlobalSection
	GlobalSection(SolutionProperties) = preSolution
		HideSolutionNode = FALSE
	EndGlobalSection
	GlobalSection(ExtensibilityGlobals) = postSolution
		SolutionGuid = {B7F79EC8-4F38-475A-956C-B5D594905143}
	EndGlobalSection
EndGlobal
